
Microsoft Visual Studio Solution File, Format Version 12.00
# Visual Studio Version 17
VisualStudioVersion = 17.5.002.0
MinimumVisualStudioVersion = 10.0.40219.1
Project("{9A19103F-16F7-4668-BE54-9A1E7A4F7556}") = "DesafioPOO", "DesafioPOO.csproj", "{8E2D1C1F-F667-421D-A97F-EC05B24734B8}"
EndProject
Global
	GlobalSection(SolutionConfigurationPlatforms) = preSolution
		Debug|Any CPU = Debug|Any CPU
		Release|Any CPU = Release|Any CPU
	EndGlobalSection
	GlobalSection(ProjectConfigurationPlatforms) = postSolution
		{8E2D1C1F-F667-421D-A97F-EC05B24734B8}.Debug|Any CPU.ActiveCfg = Debug|Any CPU
		{8E2D1C1F-F667-421D-A97F-EC05B24734B8}.Debug|Any CPU.Build.0 = Debug|Any CPU
		{8E2D1C1F-F667-421D-A97F-EC05B24734B8}.Release|Any CPU.ActiveCfg = Release|Any CPU
		{8E2D1C1F-F667-421D-A97F-EC05B24734B8}.Release|Any CPU.Build.0 = Release|Any CPU
	EndGlobalSection
	GlobalSection(SolutionProperties) = preSolution
		HideSolutionNode = FALSE
	EndGlobalSection
	GlobalSection(ExtensibilityGlobals) = postSolution
		SolutionGuid = {88BB3707-EA96-41CE-BBA8-94E345030F24}
	EndGlobalSection
EndGlobal
